
Microsoft Visual Studio Solution File, Format Version 12.00
# Visual Studio Version 16
VisualStudioVersion = 16.0.30804.86
MinimumVisualStudioVersion = 10.0.40219.1
Project("{FAE04EC0-301F-11D3-BF4B-00C04F79EFBC}") = "SignityWMI", "SignityWMI\SignityWMI.csproj", "{3A2C987F-27B8-4DA8-B051-6401345EEE1D}"
EndProject
Global
	GlobalSection(SolutionConfigurationPlatforms) = preSolution
		Debug|Any CPU = Debug|Any CPU
		Release|Any CPU = Release|Any CPU
	EndGlobalSection
	GlobalSection(ProjectConfigurationPlatforms) = postSolution
		{3A2C987F-27B8-4DA8-B051-6401345EEE1D}.Debug|Any CPU.ActiveCfg = Debug|Any CPU
		{3A2C987F-27B8-4DA8-B051-6401345EEE1D}.Debug|Any CPU.Build.0 = Debug|Any CPU
		{3A2C987F-27B8-4DA8-B051-6401345EEE1D}.Release|Any CPU.ActiveCfg = Release|Any CPU
		{3A2C987F-27B8-4DA8-B051-6401345EEE1D}.Release|Any CPU.Build.0 = Release|Any CPU
	EndGlobalSection
	GlobalSection(SolutionProperties) = preSolution
		HideSolutionNode = FALSE
	EndGlobalSection
	GlobalSection(ExtensibilityGlobals) = postSolution
		SolutionGuid = {6DDB468B-B0F4-4B5E-8240-2269E73ABEB5}
	EndGlobalSection
EndGlobal
